
Microsoft Visual Studio Solution File, Format Version 12.00
# Visual Studio 15
VisualStudioVersion = 15.0.26228.4
MinimumVisualStudioVersion = 10.0.40219.1
Project("{FAE04EC0-301F-11D3-BF4B-00C04F79EFBC}") = "Demo.NewFeatures", "Demo.NewFeatures\Demo.NewFeatures.csproj", "{FE8385CB-A934-4D97-BC3E-B009175F75FE}"
EndProject
Project("{FAE04EC0-301F-11D3-BF4B-00C04F79EFBC}") = "Demo.CSharp7", "Demo.CSharp7\Demo.CSharp7.csproj", "{5D4FD5B1-25A0-413A-AD4D-2C659F710E2B}"
EndProject
Global
	GlobalSection(SolutionConfigurationPlatforms) = preSolution
		Debug|Any CPU = Debug|Any CPU
		Release|Any CPU = Release|Any CPU
	EndGlobalSection
	GlobalSection(ProjectConfigurationPlatforms) = postSolution
		{FE8385CB-A934-4D97-BC3E-B009175F75FE}.Debug|Any CPU.ActiveCfg = Debug|Any CPU
		{FE8385CB-A934-4D97-BC3E-B009175F75FE}.Debug|Any CPU.Build.0 = Debug|Any CPU
		{FE8385CB-A934-4D97-BC3E-B009175F75FE}.Release|Any CPU.ActiveCfg = Release|Any CPU
		{FE8385CB-A934-4D97-BC3E-B009175F75FE}.Release|Any CPU.Build.0 = Release|Any CPU
		{5D4FD5B1-25A0-413A-AD4D-2C659F710E2B}.Debug|Any CPU.ActiveCfg = Debug|Any CPU
		{5D4FD5B1-25A0-413A-AD4D-2C659F710E2B}.Debug|Any CPU.Build.0 = Debug|Any CPU
		{5D4FD5B1-25A0-413A-AD4D-2C659F710E2B}.Release|Any CPU.ActiveCfg = Release|Any CPU
		{5D4FD5B1-25A0-413A-AD4D-2C659F710E2B}.Release|Any CPU.Build.0 = Release|Any CPU
	EndGlobalSection
	GlobalSection(SolutionProperties) = preSolution
		HideSolutionNode = FALSE
	EndGlobalSection
EndGlobal
