
Microsoft Visual Studio Solution File, Format Version 12.00
# Visual Studio Version 16
VisualStudioVersion = 16.0.29418.71
MinimumVisualStudioVersion = 10.0.40219.1
Project("{FAE04EC0-301F-11D3-BF4B-00C04F79EFBC}") = "Demo.NewFeatures", "Demo.NewFeatures\Demo.NewFeatures.csproj", "{FE8385CB-A934-4D97-BC3E-B009175F75FE}"
EndProject
Project("{FAE04EC0-301F-11D3-BF4B-00C04F79EFBC}") = "Demo.BasicFeatures", "Demo.BasicFeatures\Demo.BasicFeatures.csproj", "{A3C02873-FE88-4B92-B387-53FA17640596}"
EndProject
Project("{FAE04EC0-301F-11D3-BF4B-00C04F79EFBC}") = "Demo.Feature_CSharp7", "Demo.Feature_CSharp7\Demo.Feature_CSharp7.csproj", "{35912890-DC92-487F-9F82-E00880316DA8}"
EndProject
Project("{FAE04EC0-301F-11D3-BF4B-00C04F79EFBC}") = "Demo.Feature_CSharp8", "Demo.Feature_CSharp8\Demo.Feature_CSharp8.csproj", "{3EDB31F4-8321-4943-91B9-355C0D045621}"
EndProject
Project("{FAE04EC0-301F-11D3-BF4B-00C04F79EFBC}") = "Demo.DoYouPolymorphismToday", "Demo.DoYouPolymorphismToday\Demo.DoYouPolymorphismToday.csproj", "{EDA742BF-6A3E-4F24-BBFF-3EA938EB8CC0}"
EndProject
Global
	GlobalSection(SolutionConfigurationPlatforms) = preSolution
		Debug|Any CPU = Debug|Any CPU
		Release|Any CPU = Release|Any CPU
	EndGlobalSection
	GlobalSection(ProjectConfigurationPlatforms) = postSolution
		{FE8385CB-A934-4D97-BC3E-B009175F75FE}.Debug|Any CPU.ActiveCfg = Debug|Any CPU
		{FE8385CB-A934-4D97-BC3E-B009175F75FE}.Debug|Any CPU.Build.0 = Debug|Any CPU
		{FE8385CB-A934-4D97-BC3E-B009175F75FE}.Release|Any CPU.ActiveCfg = Release|Any CPU
		{FE8385CB-A934-4D97-BC3E-B009175F75FE}.Release|Any CPU.Build.0 = Release|Any CPU
		{A3C02873-FE88-4B92-B387-53FA17640596}.Debug|Any CPU.ActiveCfg = Debug|Any CPU
		{A3C02873-FE88-4B92-B387-53FA17640596}.Debug|Any CPU.Build.0 = Debug|Any CPU
		{A3C02873-FE88-4B92-B387-53FA17640596}.Release|Any CPU.ActiveCfg = Release|Any CPU
		{A3C02873-FE88-4B92-B387-53FA17640596}.Release|Any CPU.Build.0 = Release|Any CPU
		{35912890-DC92-487F-9F82-E00880316DA8}.Debug|Any CPU.ActiveCfg = Debug|Any CPU
		{35912890-DC92-487F-9F82-E00880316DA8}.Debug|Any CPU.Build.0 = Debug|Any CPU
		{35912890-DC92-487F-9F82-E00880316DA8}.Release|Any CPU.ActiveCfg = Release|Any CPU
		{35912890-DC92-487F-9F82-E00880316DA8}.Release|Any CPU.Build.0 = Release|Any CPU
		{3EDB31F4-8321-4943-91B9-355C0D045621}.Debug|Any CPU.ActiveCfg = Debug|Any CPU
		{3EDB31F4-8321-4943-91B9-355C0D045621}.Debug|Any CPU.Build.0 = Debug|Any CPU
		{3EDB31F4-8321-4943-91B9-355C0D045621}.Release|Any CPU.ActiveCfg = Release|Any CPU
		{3EDB31F4-8321-4943-91B9-355C0D045621}.Release|Any CPU.Build.0 = Release|Any CPU
		{EDA742BF-6A3E-4F24-BBFF-3EA938EB8CC0}.Debug|Any CPU.ActiveCfg = Debug|Any CPU
		{EDA742BF-6A3E-4F24-BBFF-3EA938EB8CC0}.Debug|Any CPU.Build.0 = Debug|Any CPU
		{EDA742BF-6A3E-4F24-BBFF-3EA938EB8CC0}.Release|Any CPU.ActiveCfg = Release|Any CPU
		{EDA742BF-6A3E-4F24-BBFF-3EA938EB8CC0}.Release|Any CPU.Build.0 = Release|Any CPU
	EndGlobalSection
	GlobalSection(SolutionProperties) = preSolution
		HideSolutionNode = FALSE
	EndGlobalSection
	GlobalSection(ExtensibilityGlobals) = postSolution
		SolutionGuid = {7770E47A-58D6-4608-BE31-4A9A3BADD97F}
	EndGlobalSection
EndGlobal
